
Microsoft Visual Studio Solution File, Format Version 12.00
# Visual Studio Version 17
VisualStudioVersion = 17.4.33110.190
MinimumVisualStudioVersion = 10.0.40219.1
Project("{FAE04EC0-301F-11D3-BF4B-00C04F79EFBC}") = "kartkoweczka", "kartkoweczka\kartkoweczka.csproj", "{62B9C20D-B7AF-4E60-B1BF-DB3C7CD46870}"
EndProject
Global
	GlobalSection(SolutionConfigurationPlatforms) = preSolution
		Debug|Any CPU = Debug|Any CPU
		Release|Any CPU = Release|Any CPU
	EndGlobalSection
	GlobalSection(ProjectConfigurationPlatforms) = postSolution
		{62B9C20D-B7AF-4E60-B1BF-DB3C7CD46870}.Debug|Any CPU.ActiveCfg = Debug|Any CPU
		{62B9C20D-B7AF-4E60-B1BF-DB3C7CD46870}.Debug|Any CPU.Build.0 = Debug|Any CPU
		{62B9C20D-B7AF-4E60-B1BF-DB3C7CD46870}.Release|Any CPU.ActiveCfg = Release|Any CPU
		{62B9C20D-B7AF-4E60-B1BF-DB3C7CD46870}.Release|Any CPU.Build.0 = Release|Any CPU
	EndGlobalSection
	GlobalSection(SolutionProperties) = preSolution
		HideSolutionNode = FALSE
	EndGlobalSection
	GlobalSection(ExtensibilityGlobals) = postSolution
		SolutionGuid = {267A380B-A231-4863-827F-75B5671572B4}
	EndGlobalSection
EndGlobal
